// !$*UTF8*$!
{
	archiveVersion = 1;
	classes = {
	};
	objectVersion = 56;
	objects = {

/* Begin PBXBuildFile section */
		4D5186B22C7D4BB1006BD3D4 /* RPN Calculator Watch App.app in Embed Watch Content */ = {isa = PBXBuildFile; fileRef = 4D5186B12C7D4BB1006BD3D4 /* RPN Calculator Watch App.app */; settings = {ATTRIBUTES = (RemoveHeadersOnCopy, ); }; };
		4D5186B72C7D4BB1006BD3D4 /* RPN_CalculatorApp.swift in Sources */ = {isa = PBXBuildFile; fileRef = 4D5186B62C7D4BB1006BD3D4 /* RPN_CalculatorApp.swift */; };
		4D5186B92C7D4BB1006BD3D4 /* ContentView.swift in Sources */ = {isa = PBXBuildFile; fileRef = 4D5186B82C7D4BB1006BD3D4 /* ContentView.swift */; };
		4D5186BB2C7D4BB2006BD3D4 /* Assets.xcassets in Resources */ = {isa = PBXBuildFile; fileRef = 4D5186BA2C7D4BB2006BD3D4 /* Assets.xcassets */; };
		4D5186BE2C7D4BB2006BD3D4 /* Preview Assets.xcassets in Resources */ = {isa = PBXBuildFile; fileRef = 4D5186BD2C7D4BB2006BD3D4 /* Preview Assets.xcassets */; };
		4D5186C82C7D4BB2006BD3D4 /* RPN_Calculator_Watch_AppTests.swift in Sources */ = {isa = PBXBuildFile; fileRef = 4D5186C72C7D4BB2006BD3D4 /* RPN_Calculator_Watch_AppTests.swift */; };
		4D5186D22C7D4BB2006BD3D4 /* RPN_Calculator_Watch_AppUITests.swift in Sources */ = {isa = PBXBuildFile; fileRef = 4D5186D12C7D4BB2006BD3D4 /* RPN_Calculator_Watch_AppUITests.swift */; };
		4D5186D42C7D4BB2006BD3D4 /* RPN_Calculator_Watch_AppUITestsLaunchTests.swift in Sources */ = {isa = PBXBuildFile; fileRef = 4D5186D32C7D4BB2006BD3D4 /* RPN_Calculator_Watch_AppUITestsLaunchTests.swift */; };
/* End PBXBuildFile section */

/* Begin PBXContainerItemProxy section */
		4D5186B32C7D4BB1006BD3D4 /* PBXContainerItemProxy */ = {
			isa = PBXContainerItemProxy;
			containerPortal = 4D5186A52C7D4BB0006BD3D4 /* Project object */;
			proxyType = 1;
			remoteGlobalIDString = 4D5186B02C7D4BB1006BD3D4;
			remoteInfo = "RPN Calculator Watch App";
		};
		4D5186C42C7D4BB2006BD3D4 /* PBXContainerItemProxy */ = {
			isa = PBXContainerItemProxy;
			containerPortal = 4D5186A52C7D4BB0006BD3D4 /* Project object */;
			proxyType = 1;
			remoteGlobalIDString = 4D5186B02C7D4BB1006BD3D4;
			remoteInfo = "RPN Calculator Watch App";
		};
		4D5186CE2C7D4BB2006BD3D4 /* PBXContainerItemProxy */ = {
			isa = PBXContainerItemProxy;
			containerPortal = 4D5186A52C7D4BB0006BD3D4 /* Project object */;
			proxyType = 1;
			remoteGlobalIDString = 4D5186B02C7D4BB1006BD3D4;
			remoteInfo = "RPN Calculator Watch App";
		};
/* End PBXContainerItemProxy section */

/* Begin PBXCopyFilesBuildPhase section */
		4D5186DA2C7D4BB2006BD3D4 /* Embed Watch Content */ = {
			isa = PBXCopyFilesBuildPhase;
			buildActionMask = 2147483647;
			dstPath = "$(CONTENTS_FOLDER_PATH)/Watch";
			dstSubfolderSpec = 16;
			files = (
				4D5186B22C7D4BB1006BD3D4 /* RPN Calculator Watch App.app in Embed Watch Content */,
			);
			name = "Embed Watch Content";
			runOnlyForDeploymentPostprocessing = 0;
		};
/* End PBXCopyFilesBuildPhase section */

/* Begin PBXFileReference section */
		4D5186AB2C7D4BB1006BD3D4 /* RPN Calculator.app */ = {isa = PBXFileReference; explicitFileType = wrapper.application; includeInIndex = 0; path = "RPN Calculator.app"; sourceTree = BUILT_PRODUCTS_DIR; };
		4D5186B12C7D4BB1006BD3D4 /* RPN Calculator Watch App.app */ = {isa = PBXFileReference; explicitFileType = wrapper.application; includeInIndex = 0; path = "RPN Calculator Watch App.app"; sourceTree = BUILT_PRODUCTS_DIR; };
		4D5186B62C7D4BB1006BD3D4 /* RPN_CalculatorApp.swift */ = {isa = PBXFileReference; lastKnownFileType = sourcecode.swift; path = RPN_CalculatorApp.swift; sourceTree = "<group>"; };
		4D5186B82C7D4BB1006BD3D4 /* ContentView.swift */ = {isa = PBXFileReference; lastKnownFileType = sourcecode.swift; path = ContentView.swift; sourceTree = "<group>"; };
		4D5186BA2C7D4BB2006BD3D4 /* Assets.xcassets */ = {isa = PBXFileReference; lastKnownFileType = folder.assetcatalog; path = Assets.xcassets; sourceTree = "<group>"; };
		4D5186BD2C7D4BB2006BD3D4 /* Preview Assets.xcassets */ = {isa = PBXFileReference; lastKnownFileType = folder.assetcatalog; path = "Preview Assets.xcassets"; sourceTree = "<group>"; };
		4D5186C32C7D4BB2006BD3D4 /* RPN Calculator Watch AppTests.xctest */ = {isa = PBXFileReference; explicitFileType = wrapper.cfbundle; includeInIndex = 0; path = "RPN Calculator Watch AppTests.xctest"; sourceTree = BUILT_PRODUCTS_DIR; };
		4D5186C72C7D4BB2006BD3D4 /* RPN_Calculator_Watch_AppTests.swift */ = {isa = PBXFileReference; lastKnownFileType = sourcecode.swift; path = RPN_Calculator_Watch_AppTests.swift; sourceTree = "<group>"; };
		4D5186CD2C7D4BB2006BD3D4 /* RPN Calculator Watch AppUITests.xctest */ = {isa = PBXFileReference; explicitFileType = wrapper.cfbundle; includeInIndex = 0; path = "RPN Calculator Watch AppUITests.xctest"; sourceTree = BUILT_PRODUCTS_DIR; };
		4D5186D12C7D4BB2006BD3D4 /* RPN_Calculator_Watch_AppUITests.swift */ = {isa = PBXFileReference; lastKnownFileType = sourcecode.swift; path = RPN_Calculator_Watch_AppUITests.swift; sourceTree = "<group>"; };
		4D5186D32C7D4BB2006BD3D4 /* RPN_Calculator_Watch_AppUITestsLaunchTests.swift */ = {isa = PBXFileReference; lastKnownFileType = sourcecode.swift; path = RPN_Calculator_Watch_AppUITestsLaunchTests.swift; sourceTree = "<group>"; };
/* End PBXFileReference section */

/* Begin PBXFrameworksBuildPhase section */
		4D5186AE2C7D4BB1006BD3D4 /* Frameworks */ = {
			isa = PBXFrameworksBuildPhase;
			buildActionMask = 2147483647;
			files = (
			);
			runOnlyForDeploymentPostprocessing = 0;
		};
		4D5186C02C7D4BB2006BD3D4 /* Frameworks */ = {
			isa = PBXFrameworksBuildPhase;
			buildActionMask = 2147483647;
			files = (
			);
			runOnlyForDeploymentPostprocessing = 0;
		};
		4D5186CA2C7D4BB2006BD3D4 /* Frameworks */ = {
			isa = PBXFrameworksBuildPhase;
			buildActionMask = 2147483647;
			files = (
			);
			runOnlyForDeploymentPostprocessing = 0;
		};
/* End PBXFrameworksBuildPhase section */

/* Begin PBXGroup section */
		4D5186A42C7D4BB0006BD3D4 = {
			isa = PBXGroup;
			children = (
				4D5186B52C7D4BB1006BD3D4 /* RPN Calculator Watch App */,
				4D5186C62C7D4BB2006BD3D4 /* RPN Calculator Watch AppTests */,
				4D5186D02C7D4BB2006BD3D4 /* RPN Calculator Watch AppUITests */,
				4D5186AC2C7D4BB1006BD3D4 /* Products */,
			);
			sourceTree = "<group>";
		};
		4D5186AC2C7D4BB1006BD3D4 /* Products */ = {
			isa = PBXGroup;
			children = (
				4D5186AB2C7D4BB1006BD3D4 /* RPN Calculator.app */,
				4D5186B12C7D4BB1006BD3D4 /* RPN Calculator Watch App.app */,
				4D5186C32C7D4BB2006BD3D4 /* RPN Calculator Watch AppTests.xctest */,
				4D5186CD2C7D4BB2006BD3D4 /* RPN Calculator Watch AppUITests.xctest */,
			);
			name = Products;
			sourceTree = "<group>";
		};
		4D5186B52C7D4BB1006BD3D4 /* RPN Calculator Watch App */ = {
			isa = PBXGroup;
			children = (
				4D5186B62C7D4BB1006BD3D4 /* RPN_CalculatorApp.swift */,
				4D5186B82C7D4BB1006BD3D4 /* ContentView.swift */,
				4D5186BA2C7D4BB2006BD3D4 /* Assets.xcassets */,
				4D5186BC2C7D4BB2006BD3D4 /* Preview Content */,
			);
			path = "RPN Calculator Watch App";
			sourceTree = "<group>";
		};
		4D5186BC2C7D4BB2006BD3D4 /* Preview Content */ = {
			isa = PBXGroup;
			children = (
				4D5186BD2C7D4BB2006BD3D4 /* Preview Assets.xcassets */,
			);
			path = "Preview Content";
			sourceTree = "<group>";
		};
		4D5186C62C7D4BB2006BD3D4 /* RPN Calculator Watch AppTests */ = {
			isa = PBXGroup;
			children = (
				4D5186C72C7D4BB2006BD3D4 /* RPN_Calculator_Watch_AppTests.swift */,
			);
			path = "RPN Calculator Watch AppTests";
			sourceTree = "<group>";
		};
		4D5186D02C7D4BB2006BD3D4 /* RPN Calculator Watch AppUITests */ = {
			isa = PBXGroup;
			children = (
				4D5186D12C7D4BB2006BD3D4 /* RPN_Calculator_Watch_AppUITests.swift */,
				4D5186D32C7D4BB2006BD3D4 /* RPN_Calculator_Watch_AppUITestsLaunchTests.swift */,
			);
			path = "RPN Calculator Watch AppUITests";
			sourceTree = "<group>";
		};
/* End PBXGroup section */

/* Begin PBXNativeTarget section */
		4D5186AA2C7D4BB1006BD3D4 /* RPN Calculator */ = {
			isa = PBXNativeTarget;
			buildConfigurationList = 4D5186DB2C7D4BB2006BD3D4 /* Build configuration list for PBXNativeTarget "RPN Calculator" */;
			buildPhases = (
				4D5186A92C7D4BB1006BD3D4 /* Resources */,
				4D5186DA2C7D4BB2006BD3D4 /* Embed Watch Content */,
			);
			buildRules = (
			);
			dependencies = (
				4D5186B42C7D4BB1006BD3D4 /* PBXTargetDependency */,
			);
			name = "RPN Calculator";
			productName = "RPN Calculator";
			productReference = 4D5186AB2C7D4BB1006BD3D4 /* RPN Calculator.app */;
			productType = "com.apple.product-type.application.watchapp2-container";
		};
		4D5186B02C7D4BB1006BD3D4 /* RPN Calculator Watch App */ = {
			isa = PBXNativeTarget;
			buildConfigurationList = 4D5186D72C7D4BB2006BD3D4 /* Build configuration list for PBXNativeTarget "RPN Calculator Watch App" */;
			buildPhases = (
				4D5186AD2C7D4BB1006BD3D4 /* Sources */,
				4D5186AE2C7D4BB1006BD3D4 /* Frameworks */,
				4D5186AF2C7D4BB1006BD3D4 /* Resources */,
			);
			buildRules = (
			);
			dependencies = (
			);
			name = "RPN Calculator Watch App";
			productName = "RPN Calculator Watch App";
			productReference = 4D5186B12C7D4BB1006BD3D4 /* RPN Calculator Watch App.app */;
			productType = "com.apple.product-type.application";
		};
		4D5186C22C7D4BB2006BD3D4 /* RPN Calculator Watch AppTests */ = {
			isa = PBXNativeTarget;
			buildConfigurationList = 4D5186DE2C7D4BB2006BD3D4 /* Build configuration list for PBXNativeTarget "RPN Calculator Watch AppTests" */;
			buildPhases = (
				4D5186BF2C7D4BB2006BD3D4 /* Sources */,
				4D5186C02C7D4BB2006BD3D4 /* Frameworks */,
				4D5186C12C7D4BB2006BD3D4 /* Resources */,
			);
			buildRules = (
			);
			dependencies = (
				4D5186C52C7D4BB2006BD3D4 /* PBXTargetDependency */,
			);
			name = "RPN Calculator Watch AppTests";
			productName = "RPN Calculator Watch AppTests";
			productReference = 4D5186C32C7D4BB2006BD3D4 /* RPN Calculator Watch AppTests.xctest */;
			productType = "com.apple.product-type.bundle.unit-test";
		};
		4D5186CC2C7D4BB2006BD3D4 /* RPN Calculator Watch AppUITests */ = {
			isa = PBXNativeTarget;
			buildConfigurationList = 4D5186E12C7D4BB2006BD3D4 /* Build configuration list for PBXNativeTarget "RPN Calculator Watch AppUITests" */;
			buildPhases = (
				4D5186C92C7D4BB2006BD3D4 /* Sources */,
				4D5186CA2C7D4BB2006BD3D4 /* Frameworks */,
				4D5186CB2C7D4BB2006BD3D4 /* Resources */,
			);
			buildRules = (
			);
			dependencies = (
				4D5186CF2C7D4BB2006BD3D4 /* PBXTargetDependency */,
			);
			name = "RPN Calculator Watch AppUITests";
			productName = "RPN Calculator Watch AppUITests";
			productReference = 4D5186CD2C7D4BB2006BD3D4 /* RPN Calculator Watch AppUITests.xctest */;
			productType = "com.apple.product-type.bundle.ui-testing";
		};
/* End PBXNativeTarget section */

/* Begin PBXProject section */
		4D5186A52C7D4BB0006BD3D4 /* Project object */ = {
			isa = PBXProject;
			attributes = {
				BuildIndependentTargetsInParallel = 1;
				LastSwiftUpdateCheck = 1540;
				LastUpgradeCheck = 1540;
				TargetAttributes = {
					4D5186AA2C7D4BB1006BD3D4 = {
						CreatedOnToolsVersion = 15.4;
					};
					4D5186B02C7D4BB1006BD3D4 = {
						CreatedOnToolsVersion = 15.4;
					};
					4D5186C22C7D4BB2006BD3D4 = {
						CreatedOnToolsVersion = 15.4;
						TestTargetID = 4D5186B02C7D4BB1006BD3D4;
					};
					4D5186CC2C7D4BB2006BD3D4 = {
						CreatedOnToolsVersion = 15.4;
						TestTargetID = 4D5186B02C7D4BB1006BD3D4;
					};
				};
			};
			buildConfigurationList = 4D5186A82C7D4BB0006BD3D4 /* Build configuration list for PBXProject "RPN Calculator" */;
			compatibilityVersion = "Xcode 14.0";
			developmentRegion = en;
			hasScannedForEncodings = 0;
			knownRegions = (
				en,
				Base,
			);
			mainGroup = 4D5186A42C7D4BB0006BD3D4;
			productRefGroup = 4D5186AC2C7D4BB1006BD3D4 /* Products */;
			projectDirPath = "";
			projectRoot = "";
			targets = (
				4D5186AA2C7D4BB1006BD3D4 /* RPN Calculator */,
				4D5186B02C7D4BB1006BD3D4 /* RPN Calculator Watch App */,
				4D5186C22C7D4BB2006BD3D4 /* RPN Calculator Watch AppTests */,
				4D5186CC2C7D4BB2006BD3D4 /* RPN Calculator Watch AppUITests */,
			);
		};
/* End PBXProject section */

/* Begin PBXResourcesBuildPhase section */
		4D5186A92C7D4BB1006BD3D4 /* Resources */ = {
			isa = PBXResourcesBuildPhase;
			buildActionMask = 2147483647;
			files = (
			);
			runOnlyForDeploymentPostprocessing = 0;
		};
		4D5186AF2C7D4BB1006BD3D4 /* Resources */ = {
			isa = PBXResourcesBuildPhase;
			buildActionMask = 2147483647;
			files = (
				4D5186BE2C7D4BB2006BD3D4 /* Preview Assets.xcassets in Resources */,
				4D5186BB2C7D4BB2006BD3D4 /* Assets.xcassets in Resources */,
			);
			runOnlyForDeploymentPostprocessing = 0;
		};
		4D5186C12C7D4BB2006BD3D4 /* Resources */ = {
			isa = PBXResourcesBuildPhase;
			buildActionMask = 2147483647;
			files = (
			);
			runOnlyForDeploymentPostprocessing = 0;
		};
		4D5186CB2C7D4BB2006BD3D4 /* Resources */ = {
			isa = PBXResourcesBuildPhase;
			buildActionMask = 2147483647;
			files = (
			);
			runOnlyForDeploymentPostprocessing = 0;
		};
/* End PBXResourcesBuildPhase section */

/* Begin PBXSourcesBuildPhase section */
		4D5186AD2C7D4BB1006BD3D4 /* Sources */ = {
			isa = PBXSourcesBuildPhase;
			buildActionMask = 2147483647;
			files = (
				4D5186B92C7D4BB1006BD3D4 /* ContentView.swift in Sources */,
				4D5186B72C7D4BB1006BD3D4 /* RPN_CalculatorApp.swift in Sources */,
			);
			runOnlyForDeploymentPostprocessing = 0;
		};
		4D5186BF2C7D4BB2006BD3D4 /* Sources */ = {
			isa = PBXSourcesBuildPhase;
			buildActionMask = 2147483647;
			files = (
				4D5186C82C7D4BB2006BD3D4 /* RPN_Calculator_Watch_AppTests.swift in Sources */,
			);
			runOnlyForDeploymentPostprocessing = 0;
		};
		4D5186C92C7D4BB2006BD3D4 /* Sources */ = {
			isa = PBXSourcesBuildPhase;
			buildActionMask = 2147483647;
			files = (
				4D5186D22C7D4BB2006BD3D4 /* RPN_Calculator_Watch_AppUITests.swift in Sources */,
				4D5186D42C7D4BB2006BD3D4 /* RPN_Calculator_Watch_AppUITestsLaunchTests.swift in Sources */,
			);
			runOnlyForDeploymentPostprocessing = 0;
		};
/* End PBXSourcesBuildPhase section */

/* Begin PBXTargetDependency section */
		4D5186B42C7D4BB1006BD3D4 /* PBXTargetDependency */ = {
			isa = PBXTargetDependency;
			target = 4D5186B02C7D4BB1006BD3D4 /* RPN Calculator Watch App */;
			targetProxy = 4D5186B32C7D4BB1006BD3D4 /* PBXContainerItemProxy */;
		};
		4D5186C52C7D4BB2006BD3D4 /* PBXTargetDependency */ = {
			isa = PBXTargetDependency;
			target = 4D5186B02C7D4BB1006BD3D4 /* RPN Calculator Watch App */;
			targetProxy = 4D5186C42C7D4BB2006BD3D4 /* PBXContainerItemProxy */;
		};
		4D5186CF2C7D4BB2006BD3D4 /* PBXTargetDependency */ = {
			isa = PBXTargetDependency;
			target = 4D5186B02C7D4BB1006BD3D4 /* RPN Calculator Watch App */;
			targetProxy = 4D5186CE2C7D4BB2006BD3D4 /* PBXContainerItemProxy */;
		};
/* End PBXTargetDependency section */

/* Begin XCBuildConfiguration section */
		4D5186D52C7D4BB2006BD3D4 /* Debug */ = {
			isa = XCBuildConfiguration;
			buildSettings = {
				ALWAYS_SEARCH_USER_PATHS = NO;
				ASSETCATALOG_COMPILER_GENERATE_SWIFT_ASSET_SYMBOL_EXTENSIONS = YES;
				CLANG_ANALYZER_NONNULL = YES;
				CLANG_ANALYZER_NUMBER_OBJECT_CONVERSION = YES_AGGRESSIVE;
				CLANG_CXX_LANGUAGE_STANDARD = "gnu++20";
				CLANG_ENABLE_MODULES = YES;
				CLANG_ENABLE_OBJC_ARC = YES;
				CLANG_ENABLE_OBJC_WEAK = YES;
				CLANG_WARN_BLOCK_CAPTURE_AUTORELEASING = YES;
				CLANG_WARN_BOOL_CONVERSION = YES;
				CLANG_WARN_COMMA = YES;
				CLANG_WARN_CONSTANT_CONVERSION = YES;
				CLANG_WARN_DEPRECATED_OBJC_IMPLEMENTATIONS = YES;
				CLANG_WARN_DIRECT_OBJC_ISA_USAGE = YES_ERROR;
				CLANG_WARN_DOCUMENTATION_COMMENTS = YES;
				CLANG_WARN_EMPTY_BODY = YES;
				CLANG_WARN_ENUM_CONVERSION = YES;
				CLANG_WARN_INFINITE_RECURSION = YES;
				CLANG_WARN_INT_CONVERSION = YES;
				CLANG_WARN_NON_LITERAL_NULL_CONVERSION = YES;
				CLANG_WARN_OBJC_IMPLICIT_RETAIN_SELF = YES;
				CLANG_WARN_OBJC_LITERAL_CONVERSION = YES;
				CLANG_WARN_OBJC_ROOT_CLASS = YES_ERROR;
				CLANG_WARN_QUOTED_INCLUDE_IN_FRAMEWORK_HEADER = YES;
				CLANG_WARN_RANGE_LOOP_ANALYSIS = YES;
				CLANG_WARN_STRICT_PROTOTYPES = YES;
				CLANG_WARN_SUSPICIOUS_MOVE = YES;
				CLANG_WARN_UNGUARDED_AVAILABILITY = YES_AGGRESSIVE;
				CLANG_WARN_UNREACHABLE_CODE = YES;
				CLANG_WARN__DUPLICATE_METHOD_MATCH = YES;
				COPY_PHASE_STRIP = NO;
				DEBUG_INFORMATION_FORMAT = dwarf;
				ENABLE_STRICT_OBJC_MSGSEND = YES;
				ENABLE_TESTABILITY = YES;
				ENABLE_USER_SCRIPT_SANDBOXING = YES;
				GCC_C_LANGUAGE_STANDARD = gnu17;
				GCC_DYNAMIC_NO_PIC = NO;
				GCC_NO_COMMON_BLOCKS = YES;
				GCC_OPTIMIZATION_LEVEL = 0;
				GCC_PREPROCESSOR_DEFINITIONS = (
					"DEBUG=1",
					"$(inherited)",
				);
				GCC_WARN_64_TO_32_BIT_CONVERSION = YES;
				GCC_WARN_ABOUT_RETURN_TYPE = YES_ERROR;
				GCC_WARN_UNDECLARED_SELECTOR = YES;
				GCC_WARN_UNINITIALIZED_AUTOS = YES_AGGRESSIVE;
				GCC_WARN_UNUSED_FUNCTION = YES;
				GCC_WARN_UNUSED_VARIABLE = YES;
				LOCALIZATION_PREFERS_STRING_CATALOGS = YES;
				MTL_ENABLE_DEBUG_INFO = INCLUDE_SOURCE;
				MTL_FAST_MATH = YES;
				ONLY_ACTIVE_ARCH = YES;
				SWIFT_ACTIVE_COMPILATION_CONDITIONS = "DEBUG $(inherited)";
				SWIFT_OPTIMIZATION_LEVEL = "-Onone";
			};
			name = Debug;
		};
		4D5186D62C7D4BB2006BD3D4 /* Release */ = {
			isa = XCBuildConfiguration;
			buildSettings = {
				ALWAYS_SEARCH_USER_PATHS = NO;
				ASSETCATALOG_COMPILER_GENERATE_SWIFT_ASSET_SYMBOL_EXTENSIONS = YES;
				CLANG_ANALYZER_NONNULL = YES;
				CLANG_ANALYZER_NUMBER_OBJECT_CONVERSION = YES_AGGRESSIVE;
				CLANG_CXX_LANGUAGE_STANDARD = "gnu++20";
				CLANG_ENABLE_MODULES = YES;
				CLANG_ENABLE_OBJC_ARC = YES;
				CLANG_ENABLE_OBJC_WEAK = YES;
				CLANG_WARN_BLOCK_CAPTURE_AUTORELEASING = YES;
				CLANG_WARN_BOOL_CONVERSION = YES;
				CLANG_WARN_COMMA = YES;
				CLANG_WARN_CONSTANT_CONVERSION = YES;
				CLANG_WARN_DEPRECATED_OBJC_IMPLEMENTATIONS = YES;
				CLANG_WARN_DIRECT_OBJC_ISA_USAGE = YES_ERROR;
				CLANG_WARN_DOCUMENTATION_COMMENTS = YES;
				CLANG_WARN_EMPTY_BODY = YES;
				CLANG_WARN_ENUM_CONVERSION = YES;
				CLANG_WARN_INFINITE_RECURSION = YES;
				CLANG_WARN_INT_CONVERSION = YES;
				CLANG_WARN_NON_LITERAL_NULL_CONVERSION = YES;
				CLANG_WARN_OBJC_IMPLICIT_RETAIN_SELF = YES;
				CLANG_WARN_OBJC_LITERAL_CONVERSION = YES;
				CLANG_WARN_OBJC_ROOT_CLASS = YES_ERROR;
				CLANG_WARN_QUOTED_INCLUDE_IN_FRAMEWORK_HEADER = YES;
				CLANG_WARN_RANGE_LOOP_ANALYSIS = YES;
				CLANG_WARN_STRICT_PROTOTYPES = YES;
				CLANG_WARN_SUSPICIOUS_MOVE = YES;
				CLANG_WARN_UNGUARDED_AVAILABILITY = YES_AGGRESSIVE;
				CLANG_WARN_UNREACHABLE_CODE = YES;
				CLANG_WARN__DUPLICATE_METHOD_MATCH = YES;
				COPY_PHASE_STRIP = NO;
				DEBUG_INFORMATION_FORMAT = "dwarf-with-dsym";
				ENABLE_NS_ASSERTIONS = NO;
				ENABLE_STRICT_OBJC_MSGSEND = YES;
				ENABLE_USER_SCRIPT_SANDBOXING = YES;
				GCC_C_LANGUAGE_STANDARD = gnu17;
				GCC_NO_COMMON_BLOCKS = YES;
				GCC_WARN_64_TO_32_BIT_CONVERSION = YES;
				GCC_WARN_ABOUT_RETURN_TYPE = YES_ERROR;
				GCC_WARN_UNDECLARED_SELECTOR = YES;
				GCC_WARN_UNINITIALIZED_AUTOS = YES_AGGRESSIVE;
				GCC_WARN_UNUSED_FUNCTION = YES;
				GCC_WARN_UNUSED_VARIABLE = YES;
				LOCALIZATION_PREFERS_STRING_CATALOGS = YES;
				MTL_ENABLE_DEBUG_INFO = NO;
				MTL_FAST_MATH = YES;
				SWIFT_COMPILATION_MODE = wholemodule;
			};
			name = Release;
		};
		4D5186D82C7D4BB2006BD3D4 /* Debug */ = {
			isa = XCBuildConfiguration;
			buildSettings = {
				ASSETCATALOG_COMPILER_APPICON_NAME = AppIcon;
				ASSETCATALOG_COMPILER_GLOBAL_ACCENT_COLOR_NAME = AccentColor;
				CODE_SIGN_STYLE = Automatic;
				CURRENT_PROJECT_VERSION = 1;
				DEVELOPMENT_ASSET_PATHS = "\"RPN Calculator Watch App/Preview Content\"";
				DEVELOPMENT_TEAM = 6FF928HX3W;
				ENABLE_PREVIEWS = YES;
				GENERATE_INFOPLIST_FILE = YES;
				INFOPLIST_KEY_CFBundleDisplayName = "RPN Calculator";
				INFOPLIST_KEY_UISupportedInterfaceOrientations = "UIInterfaceOrientationPortrait UIInterfaceOrientationPortraitUpsideDown";
				INFOPLIST_KEY_WKWatchOnly = YES;
				LD_RUNPATH_SEARCH_PATHS = (
					"$(inherited)",
					"@executable_path/Frameworks",
				);
				MARKETING_VERSION = 1.0;
				PRODUCT_BUNDLE_IDENTIFIER = "Cho.RPN-Calculator.watchkitapp";
				PRODUCT_NAME = "$(TARGET_NAME)";
				SDKROOT = watchos;
				SKIP_INSTALL = YES;
				SWIFT_EMIT_LOC_STRINGS = YES;
				SWIFT_VERSION = 5.0;
				TARGETED_DEVICE_FAMILY = 4;
				WATCHOS_DEPLOYMENT_TARGET = 10.5;
			};
			name = Debug;
		};
		4D5186D92C7D4BB2006BD3D4 /* Release */ = {
			isa = XCBuildConfiguration;
			buildSettings = {
				ASSETCATALOG_COMPILER_APPICON_NAME = AppIcon;
				ASSETCATALOG_COMPILER_GLOBAL_ACCENT_COLOR_NAME = AccentColor;
				CODE_SIGN_STYLE = Automatic;
				CURRENT_PROJECT_VERSION = 1;
				DEVELOPMENT_ASSET_PATHS = "\"RPN Calculator Watch App/Preview Content\"";
				DEVELOPMENT_TEAM = 6FF928HX3W;
				ENABLE_PREVIEWS = YES;
				GENERATE_INFOPLIST_FILE = YES;
				INFOPLIST_KEY_CFBundleDisplayName = "RPN Calculator";
				INFOPLIST_KEY_UISupportedInterfaceOrientations = "UIInterfaceOrientationPortrait UIInterfaceOrientationPortraitUpsideDown";
				INFOPLIST_KEY_WKWatchOnly = YES;
				LD_RUNPATH_SEARCH_PATHS = (
					"$(inherited)",
					"@executable_path/Frameworks",
				);
				MARKETING_VERSION = 1.0;
				PRODUCT_BUNDLE_IDENTIFIER = "Cho.RPN-Calculator.watchkitapp";
				PRODUCT_NAME = "$(TARGET_NAME)";
				SDKROOT = watchos;
				SKIP_INSTALL = YES;
				SWIFT_EMIT_LOC_STRINGS = YES;
				SWIFT_VERSION = 5.0;
				TARGETED_DEVICE_FAMILY = 4;
				VALIDATE_PRODUCT = YES;
				WATCHOS_DEPLOYMENT_TARGET = 10.5;
			};
			name = Release;
		};
		4D5186DC2C7D4BB2006BD3D4 /* Debug */ = {
			isa = XCBuildConfiguration;
			buildSettings = {
				ALWAYS_EMBED_SWIFT_STANDARD_LIBRARIES = YES;
				CODE_SIGN_STYLE = Automatic;
				CURRENT_PROJECT_VERSION = 1;
				DEVELOPMENT_TEAM = 6FF928HX3W;
				INFOPLIST_KEY_CFBundleDisplayName = "RPN Calculator";
				MARKETING_VERSION = 1.0;
				PRODUCT_BUNDLE_IDENTIFIER = "Cho.RPN-Calculator";
				PRODUCT_NAME = "$(TARGET_NAME)";
				SDKROOT = iphoneos;
				SWIFT_VERSION = 5.0;
			};
			name = Debug;
		};
		4D5186DD2C7D4BB2006BD3D4 /* Release */ = {
			isa = XCBuildConfiguration;
			buildSettings = {
				ALWAYS_EMBED_SWIFT_STANDARD_LIBRARIES = YES;
				CODE_SIGN_STYLE = Automatic;
				CURRENT_PROJECT_VERSION = 1;
				DEVELOPMENT_TEAM = 6FF928HX3W;
				INFOPLIST_KEY_CFBundleDisplayName = "RPN Calculator";
				MARKETING_VERSION = 1.0;
				PRODUCT_BUNDLE_IDENTIFIER = "Cho.RPN-Calculator";
				PRODUCT_NAME = "$(TARGET_NAME)";
				SDKROOT = iphoneos;
				SWIFT_VERSION = 5.0;
				VALIDATE_PRODUCT = YES;
			};
			name = Release;
		};
		4D5186DF2C7D4BB2006BD3D4 /* Debug */ = {
			isa = XCBuildConfiguration;
			buildSettings = {
				ALWAYS_EMBED_SWIFT_STANDARD_LIBRARIES = YES;
				BUNDLE_LOADER = "$(TEST_HOST)";
				CODE_SIGN_STYLE = Automatic;
				CURRENT_PROJECT_VERSION = 1;
				DEVELOPMENT_TEAM = 6FF928HX3W;
				GENERATE_INFOPLIST_FILE = YES;
				MARKETING_VERSION = 1.0;
				PRODUCT_BUNDLE_IDENTIFIER = "Cho.RPN-Calculator-Watch-AppTests";
				PRODUCT_NAME = "$(TARGET_NAME)";
				SDKROOT = watchos;
				SWIFT_EMIT_LOC_STRINGS = NO;
				SWIFT_VERSION = 5.0;
				TARGETED_DEVICE_FAMILY = 4;
				TEST_HOST = "$(BUILT_PRODUCTS_DIR)/RPN Calculator Watch App.app/$(BUNDLE_EXECUTABLE_FOLDER_PATH)/RPN Calculator Watch App";
				WATCHOS_DEPLOYMENT_TARGET = 10.5;
			};
			name = Debug;
		};
		4D5186E02C7D4BB2006BD3D4 /* Release */ = {
			isa = XCBuildConfiguration;
			buildSettings = {
				ALWAYS_EMBED_SWIFT_STANDARD_LIBRARIES = YES;
				BUNDLE_LOADER = "$(TEST_HOST)";
				CODE_SIGN_STYLE = Automatic;
				CURRENT_PROJECT_VERSION = 1;
				DEVELOPMENT_TEAM = 6FF928HX3W;
				GENERATE_INFOPLIST_FILE = YES;
				MARKETING_VERSION = 1.0;
				PRODUCT_BUNDLE_IDENTIFIER = "Cho.RPN-Calculator-Watch-AppTests";
				PRODUCT_NAME = "$(TARGET_NAME)";
				SDKROOT = watchos;
				SWIFT_EMIT_LOC_STRINGS = NO;
				SWIFT_VERSION = 5.0;
				TARGETED_DEVICE_FAMILY = 4;
				TEST_HOST = "$(BUILT_PRODUCTS_DIR)/RPN Calculator Watch App.app/$(BUNDLE_EXECUTABLE_FOLDER_PATH)/RPN Calculator Watch App";
				VALIDATE_PRODUCT = YES;
				WATCHOS_DEPLOYMENT_TARGET = 10.5;
			};
			name = Release;
		};
		4D5186E22C7D4BB2006BD3D4 /* Debug */ = {
			isa = XCBuildConfiguration;
			buildSettings = {
				ALWAYS_EMBED_SWIFT_STANDARD_LIBRARIES = YES;
				CODE_SIGN_STYLE = Automatic;
				CURRENT_PROJECT_VERSION = 1;
				DEVELOPMENT_TEAM = 6FF928HX3W;
				GENERATE_INFOPLIST_FILE = YES;
				MARKETING_VERSION = 1.0;
				PRODUCT_BUNDLE_IDENTIFIER = "Cho.RPN-Calculator-Watch-AppUITests";
				PRODUCT_NAME = "$(TARGET_NAME)";
				SDKROOT = watchos;
				SWIFT_EMIT_LOC_STRINGS = NO;
				SWIFT_VERSION = 5.0;
				TARGETED_DEVICE_FAMILY = 4;
				TEST_TARGET_NAME = "RPN Calculator Watch App";
				WATCHOS_DEPLOYMENT_TARGET = 10.5;
			};
			name = Debug;
		};
		4D5186E32C7D4BB2006BD3D4 /* Release */ = {
			isa = XCBuildConfiguration;
			buildSettings = {
				ALWAYS_EMBED_SWIFT_STANDARD_LIBRARIES = YES;
				CODE_SIGN_STYLE = Automatic;
				CURRENT_PROJECT_VERSION = 1;
				DEVELOPMENT_TEAM = 6FF928HX3W;
				GENERATE_INFOPLIST_FILE = YES;
				MARKETING_VERSION = 1.0;
				PRODUCT_BUNDLE_IDENTIFIER = "Cho.RPN-Calculator-Watch-AppUITests";
				PRODUCT_NAME = "$(TARGET_NAME)";
				SDKROOT = watchos;
				SWIFT_EMIT_LOC_STRINGS = NO;
				SWIFT_VERSION = 5.0;
				TARGETED_DEVICE_FAMILY = 4;
				TEST_TARGET_NAME = "RPN Calculator Watch App";
				VALIDATE_PRODUCT = YES;
				WATCHOS_DEPLOYMENT_TARGET = 10.5;
			};
			name = Release;
		};
/* End XCBuildConfiguration section */

/* Begin XCConfigurationList section */
		4D5186A82C7D4BB0006BD3D4 /* Build configuration list for PBXProject "RPN Calculator" */ = {
			isa = XCConfigurationList;
			buildConfigurations = (
				4D5186D52C7D4BB2006BD3D4 /* Debug */,
				4D5186D62C7D4BB2006BD3D4 /* Release */,
			);
			defaultConfigurationIsVisible = 0;
			defaultConfigurationName = Release;
		};
		4D5186D72C7D4BB2006BD3D4 /* Build configuration list for PBXNativeTarget "RPN Calculator Watch App" */ = {
			isa = XCConfigurationList;
			buildConfigurations = (
				4D5186D82C7D4BB2006BD3D4 /* Debug */,
				4D5186D92C7D4BB2006BD3D4 /* Release */,
			);
			defaultConfigurationIsVisible = 0;
			defaultConfigurationName = Release;
		};
		4D5186DB2C7D4BB2006BD3D4 /* Build configuration list for PBXNativeTarget "RPN Calculator" */ = {
			isa = XCConfigurationList;
			buildConfigurations = (
				4D5186DC2C7D4BB2006BD3D4 /* Debug */,
				4D5186DD2C7D4BB2006BD3D4 /* Release */,
			);
			defaultConfigurationIsVisible = 0;
			defaultConfigurationName = Release;
		};
		4D5186DE2C7D4BB2006BD3D4 /* Build configuration list for PBXNativeTarget "RPN Calculator Watch AppTests" */ = {
			isa = XCConfigurationList;
			buildConfigurations = (
				4D5186DF2C7D4BB2006BD3D4 /* Debug */,
				4D5186E02C7D4BB2006BD3D4 /* Release */,
			);
			defaultConfigurationIsVisible = 0;
			defaultConfigurationName = Release;
		};
		4D5186E12C7D4BB2006BD3D4 /* Build configuration list for PBXNativeTarget "RPN Calculator Watch AppUITests" */ = {
			isa = XCConfigurationList;
			buildConfigurations = (
				4D5186E22C7D4BB2006BD3D4 /* Debug */,
				4D5186E32C7D4BB2006BD3D4 /* Release */,
			);
			defaultConfigurationIsVisible = 0;
			defaultConfigurationName = Release;
		};
/* End XCConfigurationList section */
	};
	rootObject = 4D5186A52C7D4BB0006BD3D4 /* Project object */;
}
